# This file is generated by running "yarn install" inside your project.
# Manual changes might be lost - proceed with caution!

__metadata:
  version: 8
  cacheKey: 10c0

"@fortawesome/fontawesome-free@npm:^6.7.1":
  version: 6.7.1
  resolution: "@fortawesome/fontawesome-free@npm:6.7.1"
  checksum: 10c0/5bebf5f9684fc377fb7df36cf7ee37e112a8987e592228ac464b81edc0eb002e1fa8675977b82d15d304cda813da4fafbc38cf0c3ca2744c710390a58a460495
  languageName: node
  linkType: hard

"@fullcalendar/core@npm:^6.1.15":
  version: 6.1.15
  resolution: "@fullcalendar/core@npm:6.1.15"
  dependencies:
    preact: "npm:~10.12.1"
  checksum: 10c0/628445dcbfcf9c5a4012cde3ba814af7b74db66c4ec71743fe9c5f5376f96d4b18922d257ad8d5ccf1211b2415d1094dd05e2f4f3324d4dbe880a94f7e5793b7
  languageName: node
  linkType: hard

"@fullcalendar/daygrid@npm:^6.1.15, @fullcalendar/daygrid@npm:~6.1.15":
  version: 6.1.15
  resolution: "@fullcalendar/daygrid@npm:6.1.15"
  peerDependencies:
    "@fullcalendar/core": ~6.1.15
  checksum: 10c0/52ba7a479675aa8e2bd36ca6c00c9cc28f11539710cf7a233e8657835b29fe21954e732a23c9b7c7c345c5b6b3c08e3af24ce9125ec28478176cce1b3e7d0da4
  languageName: node
  linkType: hard

"@fullcalendar/interaction@npm:^6.1.15":
  version: 6.1.15
  resolution: "@fullcalendar/interaction@npm:6.1.15"
  peerDependencies:
    "@fullcalendar/core": ~6.1.15
  checksum: 10c0/f9e2542965b3d28a4eb65638a21d036d883399956781649f5442c2fb681ee59ea5fb071779be04acb88afed9278d38fc6f5758dc8a6dfa1d7b90cb6858a0115e
  languageName: node
  linkType: hard

"@fullcalendar/timegrid@npm:^6.1.15":
  version: 6.1.15
  resolution: "@fullcalendar/timegrid@npm:6.1.15"
  dependencies:
    "@fullcalendar/daygrid": "npm:~6.1.15"
  peerDependencies:
    "@fullcalendar/core": ~6.1.15
  checksum: 10c0/0ad1012fdbd8dbd3b4f71e015186393863d3d7b627ac8306049263c7814137ffd6bab80732071f4750ee63e7e2a97fa935be7fc54970d6edabda14f26a59e076
  languageName: node
  linkType: hard

"@popperjs/core@npm:^2.11.8":
  version: 2.11.8
  resolution: "@popperjs/core@npm:2.11.8"
  checksum: 10c0/4681e682abc006d25eb380d0cf3efc7557043f53b6aea7a5057d0d1e7df849a00e281cd8ea79c902a35a414d7919621fc2ba293ecec05f413598e0b23d5a1e63
  languageName: node
  linkType: hard

"BookR@workspace:.":
  version: 0.0.0-use.local
  resolution: "BookR@workspace:."
  dependencies:
    "@fortawesome/fontawesome-free": "npm:^6.7.1"
    "@fullcalendar/core": "npm:^6.1.15"
    "@fullcalendar/daygrid": "npm:^6.1.15"
    "@fullcalendar/interaction": "npm:^6.1.15"
    "@fullcalendar/timegrid": "npm:^6.1.15"
    "@popperjs/core": "npm:^2.11.8"
    bootstrap: "npm:^5.3.3"
  languageName: unknown
  linkType: soft

"bootstrap@npm:^5.3.3":
  version: 5.3.3
  resolution: "bootstrap@npm:5.3.3"
  peerDependencies:
    "@popperjs/core": ^2.11.8
  checksum: 10c0/bb68ca7b763977b9cce40cb5b8c676ae19a716d2f5d15009fa7bdbcec9dea426968e3cb748fbed7592fbf10edd7c749aea841c2920996a7c1aa5e0a6e2d4c2ad
  languageName: node
  linkType: hard

"preact@npm:~10.12.1":
  version: 10.12.1
  resolution: "preact@npm:10.12.1"
  checksum: 10c0/c77a55e897dcf298b7aa13637fed29744d3cf6c083f2832856e8551dbf27303c8b6946569736de16b05cba15c0e44ad404beb236ad9e36583a6fc5e2efad7777
  languageName: node
  linkType: hard
